
Microsoft Visual Studio Solution File, Format Version 12.00
# Visual Studio Version 17
VisualStudioVersion = 17.14.36414.22 d17.14
MinimumVisualStudioVersion = 10.0.40219.1
Project("{FAE04EC0-301F-11D3-BF4B-00C04F79EFBC}") = "LeTuanKiet_1150080022_BTtuan5", "LeTuanKiet_1150080022_BTtuan5.csproj", "{48550369-5851-4C3D-8075-047B71E3A3D0}"
EndProject
Global
	GlobalSection(SolutionConfigurationPlatforms) = preSolution
		Debug|Any CPU = Debug|Any CPU
		Release|Any CPU = Release|Any CPU
	EndGlobalSection
	GlobalSection(ProjectConfigurationPlatforms) = postSolution
		{48550369-5851-4C3D-8075-047B71E3A3D0}.Debug|Any CPU.ActiveCfg = Debug|Any CPU
		{48550369-5851-4C3D-8075-047B71E3A3D0}.Debug|Any CPU.Build.0 = Debug|Any CPU
		{48550369-5851-4C3D-8075-047B71E3A3D0}.Release|Any CPU.ActiveCfg = Release|Any CPU
		{48550369-5851-4C3D-8075-047B71E3A3D0}.Release|Any CPU.Build.0 = Release|Any CPU
	EndGlobalSection
	GlobalSection(SolutionProperties) = preSolution
		HideSolutionNode = FALSE
	EndGlobalSection
	GlobalSection(ExtensibilityGlobals) = postSolution
		SolutionGuid = {5B7529D1-26E1-4D06-A86D-0FFF53021209}
	EndGlobalSection
EndGlobal
